
Microsoft Visual Studio Solution File, Format Version 12.00
# Visual Studio 15
VisualStudioVersion = 15.0.26403.0
MinimumVisualStudioVersion = 10.0.40219.1
Project("{FAE04EC0-301F-11D3-BF4B-00C04F79EFBC}") = "Estoque.Api", "Estoque.Api\Estoque.Api.csproj", "{ABA78270-80E0-47F9-9A55-8617A014F0BC}"
EndProject
Project("{2150E333-8FDC-42A3-9474-1A3956D46DE8}") = "_Commom - Up to Private Nuget", "_Commom - Up to Private Nuget", "{F2EBBC55-FCCD-4DF2-B913-0F721613A77D}"
EndProject
Project("{FAE04EC0-301F-11D3-BF4B-00C04F79EFBC}") = "Commom.Contracts", "Commom\Commom.Contracts\Commom.Contracts.csproj", "{460B3584-A7BA-463D-8B20-E851B0301F2B}"
EndProject
Project("{FAE04EC0-301F-11D3-BF4B-00C04F79EFBC}") = "Commom.Domain", "Commom\Commom.Domain\Commom.Domain.csproj", "{E3067C81-1B0F-4755-A559-8069B0240291}"
EndProject
Project("{FAE04EC0-301F-11D3-BF4B-00C04F79EFBC}") = "Commom.Infra.MongoDB", "Commom\Commom.Infra.MongoDB\Commom.Infra.MongoDB.csproj", "{9069D3CB-0632-41AD-920F-20D81C754E69}"
EndProject
Project("{FAE04EC0-301F-11D3-BF4B-00C04F79EFBC}") = "Commom.Api", "Commom\Commom.Api\Commom.Api.csproj", "{A67BEA6E-9E2C-45F4-A72B-1E4B2E01CE71}"
EndProject
Project("{2150E333-8FDC-42A3-9474-1A3956D46DE8}") = "4 - Api", "4 - Api", "{096E4B5B-A244-41BA-B11A-698A8429A586}"
EndProject
Project("{2150E333-8FDC-42A3-9474-1A3956D46DE8}") = "1 - Domain", "1 - Domain", "{657B1247-6892-45EA-B096-EEE179ED12BD}"
EndProject
Project("{FAE04EC0-301F-11D3-BF4B-00C04F79EFBC}") = "Estoque.Domain", "Estoque.Domain\Estoque.Domain.csproj", "{BD563C8B-661B-4699-943C-A95CED17EBA8}"
EndProject
Project("{2150E333-8FDC-42A3-9474-1A3956D46DE8}") = "2 -Infra", "2 -Infra", "{89B2220C-E7C3-4648-A0AF-818E83EBDD3F}"
EndProject
Project("{FAE04EC0-301F-11D3-BF4B-00C04F79EFBC}") = "Estoque.Infra.Data.MongoDb", "Estoque.Infra.Data.MongoDb\Estoque.Infra.Data.MongoDb.csproj", "{E82ECD6B-21DA-4294-A020-74998065D716}"
EndProject
Project("{FAE04EC0-301F-11D3-BF4B-00C04F79EFBC}") = "Estoque.Infra.Data.SqlServer", "Estoque.Infra.Data.Sql\Estoque.Infra.Data.SqlServer.csproj", "{DD6ED549-6114-433D-9050-472B51AD20FD}"
EndProject
Project("{FAE04EC0-301F-11D3-BF4B-00C04F79EFBC}") = "Estoque.Service", "Estoque.Service\Estoque.Service.csproj", "{DA0B43C3-7C55-4061-BFA2-A7A9A06CBBD3}"
EndProject
Project("{2150E333-8FDC-42A3-9474-1A3956D46DE8}") = "3 - Api.IOC", "3 - Api.IOC", "{909CF70E-372F-4703-8DD0-16E3BC19147A}"
EndProject
Project("{FAE04EC0-301F-11D3-BF4B-00C04F79EFBC}") = "Estoque.IOC", "Estoque.IOC\Estoque.IOC.csproj", "{9A93B218-66E2-45F6-A2D9-A374B59F30C9}"
EndProject
Project("{2150E333-8FDC-42A3-9474-1A3956D46DE8}") = "BackEnd", "BackEnd", "{EBF16FAE-F57A-40BB-B9A3-079CFA324AA4}"
EndProject
Project("{FAE04EC0-301F-11D3-BF4B-00C04F79EFBC}") = "Estoque.Service.Test", "Estoque.Service.Test\Estoque.Service.Test.csproj", "{111474EF-6FA9-4125-86DC-92CD3A4D44AA}"
EndProject
Project("{FAE04EC0-301F-11D3-BF4B-00C04F79EFBC}") = "Commom.Infra.SqlServer", "Commom.Infra.SqlServer\Commom.Infra.SqlServer.csproj", "{2026E395-9647-40F2-ACD5-C117CF8659C9}"
EndProject
Global
	GlobalSection(SolutionConfigurationPlatforms) = preSolution
		Debug|Any CPU = Debug|Any CPU
		Release|Any CPU = Release|Any CPU
	EndGlobalSection
	GlobalSection(ProjectConfigurationPlatforms) = postSolution
		{ABA78270-80E0-47F9-9A55-8617A014F0BC}.Debug|Any CPU.ActiveCfg = Debug|Any CPU
		{ABA78270-80E0-47F9-9A55-8617A014F0BC}.Debug|Any CPU.Build.0 = Debug|Any CPU
		{ABA78270-80E0-47F9-9A55-8617A014F0BC}.Release|Any CPU.ActiveCfg = Release|Any CPU
		{ABA78270-80E0-47F9-9A55-8617A014F0BC}.Release|Any CPU.Build.0 = Release|Any CPU
		{460B3584-A7BA-463D-8B20-E851B0301F2B}.Debug|Any CPU.ActiveCfg = Debug|Any CPU
		{460B3584-A7BA-463D-8B20-E851B0301F2B}.Debug|Any CPU.Build.0 = Debug|Any CPU
		{460B3584-A7BA-463D-8B20-E851B0301F2B}.Release|Any CPU.ActiveCfg = Release|Any CPU
		{460B3584-A7BA-463D-8B20-E851B0301F2B}.Release|Any CPU.Build.0 = Release|Any CPU
		{E3067C81-1B0F-4755-A559-8069B0240291}.Debug|Any CPU.ActiveCfg = Debug|Any CPU
		{E3067C81-1B0F-4755-A559-8069B0240291}.Debug|Any CPU.Build.0 = Debug|Any CPU
		{E3067C81-1B0F-4755-A559-8069B0240291}.Release|Any CPU.ActiveCfg = Release|Any CPU
		{E3067C81-1B0F-4755-A559-8069B0240291}.Release|Any CPU.Build.0 = Release|Any CPU
		{9069D3CB-0632-41AD-920F-20D81C754E69}.Debug|Any CPU.ActiveCfg = Debug|Any CPU
		{9069D3CB-0632-41AD-920F-20D81C754E69}.Debug|Any CPU.Build.0 = Debug|Any CPU
		{9069D3CB-0632-41AD-920F-20D81C754E69}.Release|Any CPU.ActiveCfg = Release|Any CPU
		{9069D3CB-0632-41AD-920F-20D81C754E69}.Release|Any CPU.Build.0 = Release|Any CPU
		{A67BEA6E-9E2C-45F4-A72B-1E4B2E01CE71}.Debug|Any CPU.ActiveCfg = Debug|Any CPU
		{A67BEA6E-9E2C-45F4-A72B-1E4B2E01CE71}.Debug|Any CPU.Build.0 = Debug|Any CPU
		{A67BEA6E-9E2C-45F4-A72B-1E4B2E01CE71}.Release|Any CPU.ActiveCfg = Release|Any CPU
		{A67BEA6E-9E2C-45F4-A72B-1E4B2E01CE71}.Release|Any CPU.Build.0 = Release|Any CPU
		{BD563C8B-661B-4699-943C-A95CED17EBA8}.Debug|Any CPU.ActiveCfg = Debug|Any CPU
		{BD563C8B-661B-4699-943C-A95CED17EBA8}.Debug|Any CPU.Build.0 = Debug|Any CPU
		{BD563C8B-661B-4699-943C-A95CED17EBA8}.Release|Any CPU.ActiveCfg = Release|Any CPU
		{BD563C8B-661B-4699-943C-A95CED17EBA8}.Release|Any CPU.Build.0 = Release|Any CPU
		{E82ECD6B-21DA-4294-A020-74998065D716}.Debug|Any CPU.ActiveCfg = Debug|Any CPU
		{E82ECD6B-21DA-4294-A020-74998065D716}.Debug|Any CPU.Build.0 = Debug|Any CPU
		{E82ECD6B-21DA-4294-A020-74998065D716}.Release|Any CPU.ActiveCfg = Release|Any CPU
		{E82ECD6B-21DA-4294-A020-74998065D716}.Release|Any CPU.Build.0 = Release|Any CPU
		{DD6ED549-6114-433D-9050-472B51AD20FD}.Debug|Any CPU.ActiveCfg = Debug|Any CPU
		{DD6ED549-6114-433D-9050-472B51AD20FD}.Debug|Any CPU.Build.0 = Debug|Any CPU
		{DD6ED549-6114-433D-9050-472B51AD20FD}.Release|Any CPU.ActiveCfg = Release|Any CPU
		{DD6ED549-6114-433D-9050-472B51AD20FD}.Release|Any CPU.Build.0 = Release|Any CPU
		{DA0B43C3-7C55-4061-BFA2-A7A9A06CBBD3}.Debug|Any CPU.ActiveCfg = Debug|Any CPU
		{DA0B43C3-7C55-4061-BFA2-A7A9A06CBBD3}.Debug|Any CPU.Build.0 = Debug|Any CPU
		{DA0B43C3-7C55-4061-BFA2-A7A9A06CBBD3}.Release|Any CPU.ActiveCfg = Release|Any CPU
		{DA0B43C3-7C55-4061-BFA2-A7A9A06CBBD3}.Release|Any CPU.Build.0 = Release|Any CPU
		{9A93B218-66E2-45F6-A2D9-A374B59F30C9}.Debug|Any CPU.ActiveCfg = Debug|Any CPU
		{9A93B218-66E2-45F6-A2D9-A374B59F30C9}.Debug|Any CPU.Build.0 = Debug|Any CPU
		{9A93B218-66E2-45F6-A2D9-A374B59F30C9}.Release|Any CPU.ActiveCfg = Release|Any CPU
		{9A93B218-66E2-45F6-A2D9-A374B59F30C9}.Release|Any CPU.Build.0 = Release|Any CPU
		{111474EF-6FA9-4125-86DC-92CD3A4D44AA}.Debug|Any CPU.ActiveCfg = Debug|Any CPU
		{111474EF-6FA9-4125-86DC-92CD3A4D44AA}.Debug|Any CPU.Build.0 = Debug|Any CPU
		{111474EF-6FA9-4125-86DC-92CD3A4D44AA}.Release|Any CPU.ActiveCfg = Release|Any CPU
		{111474EF-6FA9-4125-86DC-92CD3A4D44AA}.Release|Any CPU.Build.0 = Release|Any CPU
		{2026E395-9647-40F2-ACD5-C117CF8659C9}.Debug|Any CPU.ActiveCfg = Debug|Any CPU
		{2026E395-9647-40F2-ACD5-C117CF8659C9}.Debug|Any CPU.Build.0 = Debug|Any CPU
		{2026E395-9647-40F2-ACD5-C117CF8659C9}.Release|Any CPU.ActiveCfg = Release|Any CPU
		{2026E395-9647-40F2-ACD5-C117CF8659C9}.Release|Any CPU.Build.0 = Release|Any CPU
	EndGlobalSection
	GlobalSection(SolutionProperties) = preSolution
		HideSolutionNode = FALSE
	EndGlobalSection
	GlobalSection(NestedProjects) = preSolution
		{ABA78270-80E0-47F9-9A55-8617A014F0BC} = {096E4B5B-A244-41BA-B11A-698A8429A586}
		{F2EBBC55-FCCD-4DF2-B913-0F721613A77D} = {EBF16FAE-F57A-40BB-B9A3-079CFA324AA4}
		{460B3584-A7BA-463D-8B20-E851B0301F2B} = {F2EBBC55-FCCD-4DF2-B913-0F721613A77D}
		{E3067C81-1B0F-4755-A559-8069B0240291} = {F2EBBC55-FCCD-4DF2-B913-0F721613A77D}
		{9069D3CB-0632-41AD-920F-20D81C754E69} = {F2EBBC55-FCCD-4DF2-B913-0F721613A77D}
		{A67BEA6E-9E2C-45F4-A72B-1E4B2E01CE71} = {F2EBBC55-FCCD-4DF2-B913-0F721613A77D}
		{096E4B5B-A244-41BA-B11A-698A8429A586} = {EBF16FAE-F57A-40BB-B9A3-079CFA324AA4}
		{657B1247-6892-45EA-B096-EEE179ED12BD} = {EBF16FAE-F57A-40BB-B9A3-079CFA324AA4}
		{BD563C8B-661B-4699-943C-A95CED17EBA8} = {657B1247-6892-45EA-B096-EEE179ED12BD}
		{89B2220C-E7C3-4648-A0AF-818E83EBDD3F} = {EBF16FAE-F57A-40BB-B9A3-079CFA324AA4}
		{E82ECD6B-21DA-4294-A020-74998065D716} = {89B2220C-E7C3-4648-A0AF-818E83EBDD3F}
		{DD6ED549-6114-433D-9050-472B51AD20FD} = {89B2220C-E7C3-4648-A0AF-818E83EBDD3F}
		{DA0B43C3-7C55-4061-BFA2-A7A9A06CBBD3} = {657B1247-6892-45EA-B096-EEE179ED12BD}
		{909CF70E-372F-4703-8DD0-16E3BC19147A} = {EBF16FAE-F57A-40BB-B9A3-079CFA324AA4}
		{9A93B218-66E2-45F6-A2D9-A374B59F30C9} = {909CF70E-372F-4703-8DD0-16E3BC19147A}
		{111474EF-6FA9-4125-86DC-92CD3A4D44AA} = {657B1247-6892-45EA-B096-EEE179ED12BD}
		{2026E395-9647-40F2-ACD5-C117CF8659C9} = {F2EBBC55-FCCD-4DF2-B913-0F721613A77D}
	EndGlobalSection
EndGlobal
